
Microsoft Visual Studio Solution File, Format Version 12.00
# Visual Studio Version 17
VisualStudioVersion = 17.6.33723.286
MinimumVisualStudioVersion = 10.0.40219.1
Project("{F184B08F-C81C-45F6-A57F-5ABD9991F28F}") = "FACTURACION_CLASS", "Clases\FACTURACION_CLASS.vbproj", "{0145CCA0-A932-4DBB-93BF-F947969E36EE}"
EndProject
Project("{F14B399A-7131-4C87-9E4B-1186C45EF12D}") = "Reporte Factura", "Reporte Factura\Reporte Factura.rptproj", "{6C9FCB0A-738F-4B26-86F6-5F09FDF6104E}"
EndProject
Project("{F14B399A-7131-4C87-9E4B-1186C45EF12D}") = "REPORTES", "REPORTES\REPORTES.rptproj", "{CABBF2DD-E334-43F3-816A-03213E13F1F8}"
EndProject
Project("{FAE04EC0-301F-11D3-BF4B-00C04F79EFBC}") = "SM.Entity", "SM.Entity\SM.Entity.csproj", "{F2090524-F4D5-44EF-B5C0-18FE5536D6C2}"
EndProject
Project("{FAE04EC0-301F-11D3-BF4B-00C04F79EFBC}") = "SM.Data", "SM.Data\SM.Data.csproj", "{04790E1D-7701-4D15-A409-69E645AABC69}"
EndProject
Project("{FAE04EC0-301F-11D3-BF4B-00C04F79EFBC}") = "SM.Business", "SM.Business\SM.Business.csproj", "{09D1628A-F98D-453C-8DBE-2075AC02D6B1}"
EndProject
Project("{E24C65DC-7377-472B-9ABA-BC803B73C61A}") = "Facturacion(2)", "Facturacion\", "{997C831A-6E7E-4E6E-BAC4-222D046A631A}"
	ProjectSection(ProjectDependencies) = postProject
		{0145CCA0-A932-4DBB-93BF-F947969E36EE} = {0145CCA0-A932-4DBB-93BF-F947969E36EE}
	EndProjectSection
	ProjectSection(WebsiteProperties) = preProject
		TargetFrameworkMoniker = ".NETFramework,Version%3Dv4.8"
		ProjectReferences = "{09D1628A-F98D-453C-8DBE-2075AC02D6B1}|SM.Business.dll;{F2090524-F4D5-44EF-B5C0-18FE5536D6C2}|SM.Entity.dll;{04790E1D-7701-4D15-A409-69E645AABC69}|SM.Data.dll;{0145cca0-a932-4dbb-93bf-f947969e36ee}|FACTURACION_CLASS.dll;"
		Debug.AspNetCompiler.VirtualPath = "/localhost_50659"
		Debug.AspNetCompiler.PhysicalPath = "Facturacion\"
		Debug.AspNetCompiler.TargetPath = "PrecompiledWeb\localhost_50659\"
		Debug.AspNetCompiler.Updateable = "true"
		Debug.AspNetCompiler.ForceOverwrite = "true"
		Debug.AspNetCompiler.FixedNames = "false"
		Debug.AspNetCompiler.Debug = "True"
		Release.AspNetCompiler.VirtualPath = "/localhost_50659"
		Release.AspNetCompiler.PhysicalPath = "Facturacion\"
		Release.AspNetCompiler.TargetPath = "PrecompiledWeb\localhost_50659\"
		Release.AspNetCompiler.Updateable = "true"
		Release.AspNetCompiler.ForceOverwrite = "true"
		Release.AspNetCompiler.FixedNames = "false"
		Release.AspNetCompiler.Debug = "False"
		VWDPort = "50659"
		SlnRelativePath = "Facturacion\"
	EndProjectSection
EndProject
Global
	GlobalSection(SolutionConfigurationPlatforms) = preSolution
		Debug|Any CPU = Debug|Any CPU
		DebugLocal|Any CPU = DebugLocal|Any CPU
		Release|Any CPU = Release|Any CPU
	EndGlobalSection
	GlobalSection(ProjectConfigurationPlatforms) = postSolution
		{0145CCA0-A932-4DBB-93BF-F947969E36EE}.Debug|Any CPU.ActiveCfg = Debug|Any CPU
		{0145CCA0-A932-4DBB-93BF-F947969E36EE}.Debug|Any CPU.Build.0 = Debug|Any CPU
		{0145CCA0-A932-4DBB-93BF-F947969E36EE}.DebugLocal|Any CPU.ActiveCfg = Debug|Any CPU
		{0145CCA0-A932-4DBB-93BF-F947969E36EE}.DebugLocal|Any CPU.Build.0 = Debug|Any CPU
		{0145CCA0-A932-4DBB-93BF-F947969E36EE}.Release|Any CPU.ActiveCfg = Release|Any CPU
		{0145CCA0-A932-4DBB-93BF-F947969E36EE}.Release|Any CPU.Build.0 = Release|Any CPU
		{6C9FCB0A-738F-4B26-86F6-5F09FDF6104E}.Debug|Any CPU.ActiveCfg = Debug
		{6C9FCB0A-738F-4B26-86F6-5F09FDF6104E}.Debug|Any CPU.Build.0 = Debug
		{6C9FCB0A-738F-4B26-86F6-5F09FDF6104E}.Debug|Any CPU.Deploy.0 = Debug
		{6C9FCB0A-738F-4B26-86F6-5F09FDF6104E}.DebugLocal|Any CPU.ActiveCfg = DebugLocal
		{6C9FCB0A-738F-4B26-86F6-5F09FDF6104E}.DebugLocal|Any CPU.Build.0 = DebugLocal
		{6C9FCB0A-738F-4B26-86F6-5F09FDF6104E}.Release|Any CPU.ActiveCfg = Release
		{6C9FCB0A-738F-4B26-86F6-5F09FDF6104E}.Release|Any CPU.Build.0 = Release
		{6C9FCB0A-738F-4B26-86F6-5F09FDF6104E}.Release|Any CPU.Deploy.0 = Release
		{CABBF2DD-E334-43F3-816A-03213E13F1F8}.Debug|Any CPU.ActiveCfg = Debug
		{CABBF2DD-E334-43F3-816A-03213E13F1F8}.Debug|Any CPU.Build.0 = Debug
		{CABBF2DD-E334-43F3-816A-03213E13F1F8}.Debug|Any CPU.Deploy.0 = Debug
		{CABBF2DD-E334-43F3-816A-03213E13F1F8}.DebugLocal|Any CPU.ActiveCfg = DebugLocal
		{CABBF2DD-E334-43F3-816A-03213E13F1F8}.DebugLocal|Any CPU.Build.0 = DebugLocal
		{CABBF2DD-E334-43F3-816A-03213E13F1F8}.Release|Any CPU.ActiveCfg = Release
		{CABBF2DD-E334-43F3-816A-03213E13F1F8}.Release|Any CPU.Build.0 = Release
		{CABBF2DD-E334-43F3-816A-03213E13F1F8}.Release|Any CPU.Deploy.0 = Release
		{F2090524-F4D5-44EF-B5C0-18FE5536D6C2}.Debug|Any CPU.ActiveCfg = Debug|Any CPU
		{F2090524-F4D5-44EF-B5C0-18FE5536D6C2}.Debug|Any CPU.Build.0 = Debug|Any CPU
		{F2090524-F4D5-44EF-B5C0-18FE5536D6C2}.DebugLocal|Any CPU.ActiveCfg = Debug|Any CPU
		{F2090524-F4D5-44EF-B5C0-18FE5536D6C2}.DebugLocal|Any CPU.Build.0 = Debug|Any CPU
		{F2090524-F4D5-44EF-B5C0-18FE5536D6C2}.Release|Any CPU.ActiveCfg = Release|Any CPU
		{F2090524-F4D5-44EF-B5C0-18FE5536D6C2}.Release|Any CPU.Build.0 = Release|Any CPU
		{04790E1D-7701-4D15-A409-69E645AABC69}.Debug|Any CPU.ActiveCfg = Debug|Any CPU
		{04790E1D-7701-4D15-A409-69E645AABC69}.Debug|Any CPU.Build.0 = Debug|Any CPU
		{04790E1D-7701-4D15-A409-69E645AABC69}.DebugLocal|Any CPU.ActiveCfg = Debug|Any CPU
		{04790E1D-7701-4D15-A409-69E645AABC69}.DebugLocal|Any CPU.Build.0 = Debug|Any CPU
		{04790E1D-7701-4D15-A409-69E645AABC69}.Release|Any CPU.ActiveCfg = Release|Any CPU
		{04790E1D-7701-4D15-A409-69E645AABC69}.Release|Any CPU.Build.0 = Release|Any CPU
		{09D1628A-F98D-453C-8DBE-2075AC02D6B1}.Debug|Any CPU.ActiveCfg = Debug|Any CPU
		{09D1628A-F98D-453C-8DBE-2075AC02D6B1}.Debug|Any CPU.Build.0 = Debug|Any CPU
		{09D1628A-F98D-453C-8DBE-2075AC02D6B1}.DebugLocal|Any CPU.ActiveCfg = Debug|Any CPU
		{09D1628A-F98D-453C-8DBE-2075AC02D6B1}.DebugLocal|Any CPU.Build.0 = Debug|Any CPU
		{09D1628A-F98D-453C-8DBE-2075AC02D6B1}.Release|Any CPU.ActiveCfg = Release|Any CPU
		{09D1628A-F98D-453C-8DBE-2075AC02D6B1}.Release|Any CPU.Build.0 = Release|Any CPU
		{997C831A-6E7E-4E6E-BAC4-222D046A631A}.Debug|Any CPU.ActiveCfg = Debug|Any CPU
		{997C831A-6E7E-4E6E-BAC4-222D046A631A}.Debug|Any CPU.Build.0 = Debug|Any CPU
		{997C831A-6E7E-4E6E-BAC4-222D046A631A}.DebugLocal|Any CPU.ActiveCfg = Debug|Any CPU
		{997C831A-6E7E-4E6E-BAC4-222D046A631A}.DebugLocal|Any CPU.Build.0 = Debug|Any CPU
		{997C831A-6E7E-4E6E-BAC4-222D046A631A}.Release|Any CPU.ActiveCfg = Debug|Any CPU
		{997C831A-6E7E-4E6E-BAC4-222D046A631A}.Release|Any CPU.Build.0 = Debug|Any CPU
	EndGlobalSection
	GlobalSection(SolutionProperties) = preSolution
		HideSolutionNode = FALSE
	EndGlobalSection
	GlobalSection(ExtensibilityGlobals) = postSolution
		SolutionGuid = {FFD99877-A924-4439-A948-EB02564531A9}
	EndGlobalSection
EndGlobal
